
Microsoft Visual Studio Solution File, Format Version 12.00
Project("{FAE04EC0-301F-11D3-BF4B-00C04F79EFBC}") = "SpellCardsGenerator.Runner.Console", "SpellCardsGenerator.Runner.Console\SpellCardsGenerator.Runner.Console.csproj", "{60541B02-FBD9-46EE-9B1D-1C1119206575}"
EndProject
Project("{2150E333-8FDC-42A3-9474-1A3956D46DE8}") = ".SolutionItems", ".SolutionItems", "{C46C57BB-5ACB-482B-94B5-93B7C5C2337D}"
	ProjectSection(SolutionItems) = preProject
		..\..\helpers\Templates\SpellTemplate.html = ..\..\helpers\Templates\SpellTemplate.html
		..\..\helpers\Web\scraper.js = ..\..\helpers\Web\scraper.js
		..\..\helpers\Web\SpellsData.json = ..\..\helpers\Web\SpellsData.json
		..\..\helpers\Web\SpellEntities.json = ..\..\helpers\Web\SpellEntities.json
	EndProjectSection
EndProject
Project("{FAE04EC0-301F-11D3-BF4B-00C04F79EFBC}") = "SpellCardsGenerator.InternalService", "SpellCardsGenerator.InternalService\SpellCardsGenerator.InternalService.csproj", "{726AB25E-D95B-49F6-80C9-0456B3E04832}"
EndProject
Project("{FAE04EC0-301F-11D3-BF4B-00C04F79EFBC}") = "SpellCardsGenerator.Common", "SpellCardsGenerator.Common\SpellCardsGenerator.Common.csproj", "{8DF2F086-9841-42F7-AB01-155A207B654B}"
EndProject
Project("{FAE04EC0-301F-11D3-BF4B-00C04F79EFBC}") = "SpellCardsGenerator.Templates", "SpellCardsGenerator.Templates\SpellCardsGenerator.Templates.csproj", "{B9475043-9414-457B-9521-AAFF8D8997FF}"
EndProject
Project("{FAE04EC0-301F-11D3-BF4B-00C04F79EFBC}") = "SpellCardsGenerator.Data", "SpellCardsGenerator.Data\SpellCardsGenerator.Data.csproj", "{8126222F-1023-43CA-8D35-64652164D5AD}"
EndProject
Project("{2150E333-8FDC-42A3-9474-1A3956D46DE8}") = "Tests", "Tests", "{533217D6-FB05-4A8E-8C37-B4C562BB02FC}"
EndProject
Project("{2150E333-8FDC-42A3-9474-1A3956D46DE8}") = "Runners", "Runners", "{04B95135-5CB0-45C4-AB7A-D5A9219ED6BA}"
EndProject
Project("{FAE04EC0-301F-11D3-BF4B-00C04F79EFBC}") = "SpellCardsGenerator.InternalService.Tests", "SpellCardsGenerator.InternalService.Tests\SpellCardsGenerator.InternalService.Tests.csproj", "{C7922992-FF69-4D0C-B6A1-6912E3C041AB}"
EndProject
Project("{FAE04EC0-301F-11D3-BF4B-00C04F79EFBC}") = "SpellCardsGenerator.Benchmarks", "SpellCardsGenerator.Benchmarks\SpellCardsGenerator.Benchmarks.csproj", "{0576EB82-CF0A-4104-B941-569704804F20}"
EndProject
Project("{FAE04EC0-301F-11D3-BF4B-00C04F79EFBC}") = "SpellCardsGenerator.Runner.WebScraper", "SpellCardsGenerator.Runner.WebScraper\SpellCardsGenerator.Runner.WebScraper.csproj", "{88FA99FF-D1DB-4630-B3FB-353CD31BE27B}"
EndProject
Global
	GlobalSection(SolutionConfigurationPlatforms) = preSolution
		Debug|Any CPU = Debug|Any CPU
		Release|Any CPU = Release|Any CPU
	EndGlobalSection
	GlobalSection(ProjectConfigurationPlatforms) = postSolution
		{60541B02-FBD9-46EE-9B1D-1C1119206575}.Debug|Any CPU.ActiveCfg = Debug|Any CPU
		{60541B02-FBD9-46EE-9B1D-1C1119206575}.Debug|Any CPU.Build.0 = Debug|Any CPU
		{60541B02-FBD9-46EE-9B1D-1C1119206575}.Release|Any CPU.ActiveCfg = Release|Any CPU
		{60541B02-FBD9-46EE-9B1D-1C1119206575}.Release|Any CPU.Build.0 = Release|Any CPU
		{726AB25E-D95B-49F6-80C9-0456B3E04832}.Debug|Any CPU.ActiveCfg = Debug|Any CPU
		{726AB25E-D95B-49F6-80C9-0456B3E04832}.Debug|Any CPU.Build.0 = Debug|Any CPU
		{726AB25E-D95B-49F6-80C9-0456B3E04832}.Release|Any CPU.ActiveCfg = Release|Any CPU
		{726AB25E-D95B-49F6-80C9-0456B3E04832}.Release|Any CPU.Build.0 = Release|Any CPU
		{8DF2F086-9841-42F7-AB01-155A207B654B}.Debug|Any CPU.ActiveCfg = Debug|Any CPU
		{8DF2F086-9841-42F7-AB01-155A207B654B}.Debug|Any CPU.Build.0 = Debug|Any CPU
		{8DF2F086-9841-42F7-AB01-155A207B654B}.Release|Any CPU.ActiveCfg = Release|Any CPU
		{8DF2F086-9841-42F7-AB01-155A207B654B}.Release|Any CPU.Build.0 = Release|Any CPU
		{B9475043-9414-457B-9521-AAFF8D8997FF}.Debug|Any CPU.ActiveCfg = Debug|Any CPU
		{B9475043-9414-457B-9521-AAFF8D8997FF}.Debug|Any CPU.Build.0 = Debug|Any CPU
		{B9475043-9414-457B-9521-AAFF8D8997FF}.Release|Any CPU.ActiveCfg = Release|Any CPU
		{B9475043-9414-457B-9521-AAFF8D8997FF}.Release|Any CPU.Build.0 = Release|Any CPU
		{8126222F-1023-43CA-8D35-64652164D5AD}.Debug|Any CPU.ActiveCfg = Debug|Any CPU
		{8126222F-1023-43CA-8D35-64652164D5AD}.Debug|Any CPU.Build.0 = Debug|Any CPU
		{8126222F-1023-43CA-8D35-64652164D5AD}.Release|Any CPU.ActiveCfg = Release|Any CPU
		{8126222F-1023-43CA-8D35-64652164D5AD}.Release|Any CPU.Build.0 = Release|Any CPU
		{C7922992-FF69-4D0C-B6A1-6912E3C041AB}.Debug|Any CPU.ActiveCfg = Debug|Any CPU
		{C7922992-FF69-4D0C-B6A1-6912E3C041AB}.Debug|Any CPU.Build.0 = Debug|Any CPU
		{C7922992-FF69-4D0C-B6A1-6912E3C041AB}.Release|Any CPU.ActiveCfg = Release|Any CPU
		{C7922992-FF69-4D0C-B6A1-6912E3C041AB}.Release|Any CPU.Build.0 = Release|Any CPU
		{0576EB82-CF0A-4104-B941-569704804F20}.Debug|Any CPU.ActiveCfg = Debug|Any CPU
		{0576EB82-CF0A-4104-B941-569704804F20}.Debug|Any CPU.Build.0 = Debug|Any CPU
		{0576EB82-CF0A-4104-B941-569704804F20}.Release|Any CPU.ActiveCfg = Release|Any CPU
		{0576EB82-CF0A-4104-B941-569704804F20}.Release|Any CPU.Build.0 = Release|Any CPU
		{88FA99FF-D1DB-4630-B3FB-353CD31BE27B}.Debug|Any CPU.ActiveCfg = Debug|Any CPU
		{88FA99FF-D1DB-4630-B3FB-353CD31BE27B}.Debug|Any CPU.Build.0 = Debug|Any CPU
		{88FA99FF-D1DB-4630-B3FB-353CD31BE27B}.Release|Any CPU.ActiveCfg = Release|Any CPU
		{88FA99FF-D1DB-4630-B3FB-353CD31BE27B}.Release|Any CPU.Build.0 = Release|Any CPU
	EndGlobalSection
	GlobalSection(NestedProjects) = preSolution
		{60541B02-FBD9-46EE-9B1D-1C1119206575} = {04B95135-5CB0-45C4-AB7A-D5A9219ED6BA}
		{C7922992-FF69-4D0C-B6A1-6912E3C041AB} = {533217D6-FB05-4A8E-8C37-B4C562BB02FC}
		{0576EB82-CF0A-4104-B941-569704804F20} = {533217D6-FB05-4A8E-8C37-B4C562BB02FC}
		{88FA99FF-D1DB-4630-B3FB-353CD31BE27B} = {04B95135-5CB0-45C4-AB7A-D5A9219ED6BA}
	EndGlobalSection
EndGlobal
